
Microsoft Visual Studio Solution File, Format Version 12.00
# Visual Studio Version 17
VisualStudioVersion = 17.5.33103.201
MinimumVisualStudioVersion = 10.0.40219.1
Project("{FAE04EC0-301F-11D3-BF4B-00C04F79EFBC}") = "ReactorWebsite", "ReactorWebsite\ReactorWebsite.csproj", "{3F4BC84B-DC53-4B0C-B296-D8764CD1E023}"
EndProject
Global
	GlobalSection(SolutionConfigurationPlatforms) = preSolution
		Debug|Any CPU = Debug|Any CPU
		Release|Any CPU = Release|Any CPU
	EndGlobalSection
	GlobalSection(ProjectConfigurationPlatforms) = postSolution
		{3F4BC84B-DC53-4B0C-B296-D8764CD1E023}.Debug|Any CPU.ActiveCfg = Debug|Any CPU
		{3F4BC84B-DC53-4B0C-B296-D8764CD1E023}.Debug|Any CPU.Build.0 = Debug|Any CPU
		{3F4BC84B-DC53-4B0C-B296-D8764CD1E023}.Release|Any CPU.ActiveCfg = Release|Any CPU
		{3F4BC84B-DC53-4B0C-B296-D8764CD1E023}.Release|Any CPU.Build.0 = Release|Any CPU
	EndGlobalSection
	GlobalSection(SolutionProperties) = preSolution
		HideSolutionNode = FALSE
	EndGlobalSection
	GlobalSection(ExtensibilityGlobals) = postSolution
		SolutionGuid = {F258E2F7-B952-4290-A0BE-0001FC662B3C}
	EndGlobalSection
EndGlobal
